
Microsoft Visual Studio Solution File, Format Version 12.00
# Visual Studio Version 16
VisualStudioVersion = 16.0.33801.447
MinimumVisualStudioVersion = 10.0.40219.1
Project("{FAE04EC0-301F-11D3-BF4B-00C04F79EFBC}") = "ZluxiaWeather", "ZluxiaWeather.csproj", "{EE395419-7C6D-460E-ADF0-7BE4CFF90CEB}"
EndProject
Global
	GlobalSection(SolutionConfigurationPlatforms) = preSolution
		Debug|Any CPU = Debug|Any CPU
		Release|Any CPU = Release|Any CPU
	EndGlobalSection
	GlobalSection(ProjectConfigurationPlatforms) = postSolution
		{EE395419-7C6D-460E-ADF0-7BE4CFF90CEB}.Debug|Any CPU.ActiveCfg = Debug|Any CPU
		{EE395419-7C6D-460E-ADF0-7BE4CFF90CEB}.Debug|Any CPU.Build.0 = Debug|Any CPU
		{EE395419-7C6D-460E-ADF0-7BE4CFF90CEB}.Release|Any CPU.ActiveCfg = Release|Any CPU
		{EE395419-7C6D-460E-ADF0-7BE4CFF90CEB}.Release|Any CPU.Build.0 = Release|Any CPU
	EndGlobalSection
	GlobalSection(SolutionProperties) = preSolution
		HideSolutionNode = FALSE
	EndGlobalSection
	GlobalSection(ExtensibilityGlobals) = postSolution
		SolutionGuid = {F13FF9EB-600E-4868-A350-4D4E0F868028}
	EndGlobalSection
EndGlobal
